{
  "pins" : [
    {
      "identity" : "cwlcatchexception",
      "kind" : "remoteSourceControl",
      "location" : "https://github.com/mattgallagher/CwlCatchException.git",
      "state" : {
        "revision" : "3b123999de19bf04905bc1dfdb76f817b0f2cc00",
        "version" : "2.1.2"
      }
    },
    {
      "identity" : "cwlpreconditiontesting",
      "kind" : "remoteSourceControl",
      "location" : "https://github.com/mattgallagher/CwlPreconditionTesting.git",
      "state" : {
        "revision" : "dc9af4781f2afdd1e68e90f80b8603be73ea7abc",
        "version" : "2.2.0"
      }
    },
    {
      "identity" : "nimble",
      "kind" : "remoteSourceControl",
      "location" : "https://github.com/Quick/Nimble.git",
      "state" : {
        "revision" : "edaedc1ec86f14ac6e2ca495b94f0ff7150d98d0",
        "version" : "12.3.0"
      }
    },
    {
      "identity" : "swift-combinatorics",
      "kind" : "remoteSourceControl",
      "location" : "https://github.com/dankogai/swift-combinatorics.git",
      "state" : {
        "revision" : "959fb7cc9688b47b11b2a609c3dc176b6ec4e91c",
        "version" : "0.1.0"
      }
    }
  ],
  "version" : 2
}
